
Microsoft Visual Studio Solution File, Format Version 12.00
# Visual Studio Version 17
VisualStudioVersion = 17.9.34622.214
MinimumVisualStudioVersion = 10.0.40219.1
Project("{888888A0-9F3D-457C-B088-3A5042F75D52}") = "SO", "SO\SO.pyproj", "{0C1F6F6D-1E5A-45EC-A567-5BDBEA2DE691}"
EndProject
Global
	GlobalSection(SolutionConfigurationPlatforms) = preSolution
		Debug|Any CPU = Debug|Any CPU
		Release|Any CPU = Release|Any CPU
	EndGlobalSection
	GlobalSection(ProjectConfigurationPlatforms) = postSolution
		{0C1F6F6D-1E5A-45EC-A567-5BDBEA2DE691}.Debug|Any CPU.ActiveCfg = Debug|Any CPU
		{0C1F6F6D-1E5A-45EC-A567-5BDBEA2DE691}.Release|Any CPU.ActiveCfg = Release|Any CPU
	EndGlobalSection
	GlobalSection(SolutionProperties) = preSolution
		HideSolutionNode = FALSE
	EndGlobalSection
	GlobalSection(ExtensibilityGlobals) = postSolution
		SolutionGuid = {4D7AA849-0514-4A0A-95E3-8D77F2756770}
	EndGlobalSection
EndGlobal
